{
  "requires": true,
  "lockfileVersion": 1,
  "dependencies": {
    "amplify": {
      "version": "0.0.11",
      "resolved": "https://registry.npmjs.org/amplify/-/amplify-0.0.11.tgz",
      "integrity": "sha512-RkVzlUUUczGhjRWTX3QXEPzgPScdUXvmthgvcNpCQHfxshvxLPTdiLP6kLaUb/eo8IpnjLpKqUWxTIT97c8xew=="
    }
  }
}
